Microsoft Visual Studio Solution File, Format Version 12.00
# Visual Studio Version 17
VisualStudioVersion = 17.5.2.0
MinimumVisualStudioVersion = 10.0.40219.1
Project("{FAE04EC0-301F-11D3-BF4B-00C04F79EFBC}") = "APL2007M5", "APL2007M5.csproj", "{BF96CE23-3D27-DA50-C5F1-C496C1C6794D}"
EndProject
Global
	GlobalSection(SolutionConfigurationPlatforms) = preSolution
		Debug|Any CPU = Debug|Any CPU
		Release|Any CPU = Release|Any CPU
	EndGlobalSection
	GlobalSection(ProjectConfigurationPlatforms) = postSolution
		{BF96CE23-3D27-DA50-C5F1-C496C1C6794D}.Debug|Any CPU.ActiveCfg = Debug|Any CPU
		{BF96CE23-3D27-DA50-C5F1-C496C1C6794D}.Debug|Any CPU.Build.0 = Debug|Any CPU
		{BF96CE23-3D27-DA50-C5F1-C496C1C6794D}.Release|Any CPU.ActiveCfg = Release|Any CPU
		{BF96CE23-3D27-DA50-C5F1-C496C1C6794D}.Release|Any CPU.Build.0 = Release|Any CPU
	EndGlobalSection
	GlobalSection(SolutionProperties) = preSolution
		HideSolutionNode = FALSE
	EndGlobalSection
	GlobalSection(ExtensibilityGlobals) = postSolution
		SolutionGuid = {E73DEF95-7B67-4438-B40F-FA11832CA5A2}
	EndGlobalSection
EndGlobal
