Microsoft Visual Studio Solution File, Format Version 12.00
# Visual Studio Version 17
VisualStudioVersion = 17.5.2.0
MinimumVisualStudioVersion = 10.0.40219.1
Project("{FAE04EC0-301F-11D3-BF4B-00C04F79EFBC}") = "APL2007M3SalesReport-NewCodeChallenge", "APL2007M3SalesReport-NewCodeChallenge.csproj", "{CACCEF6C-19C1-6C43-BB4F-CB0B7977E18A}"
EndProject
Global
	GlobalSection(SolutionConfigurationPlatforms) = preSolution
		Debug|Any CPU = Debug|Any CPU
		Release|Any CPU = Release|Any CPU
	EndGlobalSection
	GlobalSection(ProjectConfigurationPlatforms) = postSolution
		{CACCEF6C-19C1-6C43-BB4F-CB0B7977E18A}.Debug|Any CPU.ActiveCfg = Debug|Any CPU
		{CACCEF6C-19C1-6C43-BB4F-CB0B7977E18A}.Debug|Any CPU.Build.0 = Debug|Any CPU
		{CACCEF6C-19C1-6C43-BB4F-CB0B7977E18A}.Release|Any CPU.ActiveCfg = Release|Any CPU
		{CACCEF6C-19C1-6C43-BB4F-CB0B7977E18A}.Release|Any CPU.Build.0 = Release|Any CPU
	EndGlobalSection
	GlobalSection(SolutionProperties) = preSolution
		HideSolutionNode = FALSE
	EndGlobalSection
	GlobalSection(ExtensibilityGlobals) = postSolution
		SolutionGuid = {EF454495-57CB-4D45-A66C-618A50806790}
	EndGlobalSection
EndGlobal
