Microsoft Visual Studio Solution File, Format Version 12.00
# Visual Studio Version 17
VisualStudioVersion = 17.5.2.0
MinimumVisualStudioVersion = 10.0.40219.1
Project("{FAE04EC0-301F-11D3-BF4B-00C04F79EFBC}") = "APL2007M3", "APL2007M3.csproj", "{63BFCAFC-2414-965D-2D63-DB3124DE100F}"
EndProject
Global
	GlobalSection(SolutionConfigurationPlatforms) = preSolution
		Debug|Any CPU = Debug|Any CPU
		Release|Any CPU = Release|Any CPU
	EndGlobalSection
	GlobalSection(ProjectConfigurationPlatforms) = postSolution
		{63BFCAFC-2414-965D-2D63-DB3124DE100F}.Debug|Any CPU.ActiveCfg = Debug|Any CPU
		{63BFCAFC-2414-965D-2D63-DB3124DE100F}.Debug|Any CPU.Build.0 = Debug|Any CPU
		{63BFCAFC-2414-965D-2D63-DB3124DE100F}.Release|Any CPU.ActiveCfg = Release|Any CPU
		{63BFCAFC-2414-965D-2D63-DB3124DE100F}.Release|Any CPU.Build.0 = Release|Any CPU
	EndGlobalSection
	GlobalSection(SolutionProperties) = preSolution
		HideSolutionNode = FALSE
	EndGlobalSection
	GlobalSection(ExtensibilityGlobals) = postSolution
		SolutionGuid = {0BB7568C-816C-4C4D-B62E-C484A1B8D1E4}
	EndGlobalSection
EndGlobal
