Microsoft Visual Studio Solution File, Format Version 12.00
# Visual Studio Version 17
VisualStudioVersion = 17.5.2.0
MinimumVisualStudioVersion = 10.0.40219.1
Project("{FAE04EC0-301F-11D3-BF4B-00C04F79EFBC}") = "BankAccount", "BankAccountClass\BankAccount.csproj", "{943C6034-5A94-96D0-8F52-56C7531C0F7E}"
EndProject
Project("{FAE04EC0-301F-11D3-BF4B-00C04F79EFBC}") = "BankAccount.UnitTests", "BankAccount.UnitTests\BankAccount.UnitTests.csproj", "{DD3261AF-9DCA-76BB-A25F-EB8BE7532A45}"
EndProject
Global
	GlobalSection(SolutionConfigurationPlatforms) = preSolution
		Debug|Any CPU = Debug|Any CPU
		Release|Any CPU = Release|Any CPU
	EndGlobalSection
	GlobalSection(ProjectConfigurationPlatforms) = postSolution
		{943C6034-5A94-96D0-8F52-56C7531C0F7E}.Debug|Any CPU.ActiveCfg = Debug|Any CPU
		{943C6034-5A94-96D0-8F52-56C7531C0F7E}.Debug|Any CPU.Build.0 = Debug|Any CPU
		{943C6034-5A94-96D0-8F52-56C7531C0F7E}.Release|Any CPU.ActiveCfg = Release|Any CPU
		{943C6034-5A94-96D0-8F52-56C7531C0F7E}.Release|Any CPU.Build.0 = Release|Any CPU
		{DD3261AF-9DCA-76BB-A25F-EB8BE7532A45}.Debug|Any CPU.ActiveCfg = Debug|Any CPU
		{DD3261AF-9DCA-76BB-A25F-EB8BE7532A45}.Debug|Any CPU.Build.0 = Debug|Any CPU
		{DD3261AF-9DCA-76BB-A25F-EB8BE7532A45}.Release|Any CPU.ActiveCfg = Release|Any CPU
		{DD3261AF-9DCA-76BB-A25F-EB8BE7532A45}.Release|Any CPU.Build.0 = Release|Any CPU
	EndGlobalSection
	GlobalSection(SolutionProperties) = preSolution
		HideSolutionNode = FALSE
	EndGlobalSection
	GlobalSection(ExtensibilityGlobals) = postSolution
		SolutionGuid = {3260545C-7981-4CB9-8D72-2E04503893E8}
	EndGlobalSection
EndGlobal
