Microsoft Visual Studio Solution File, Format Version 12.00
# Visual Studio Version 17
VisualStudioVersion = 17.5.2.0
MinimumVisualStudioVersion = 10.0.40219.1
Project("{FAE04EC0-301F-11D3-BF4B-00C04F79EFBC}") = "APL2007M3B", "APL2007M3B.csproj", "{1E88BD17-103F-E5F5-24CF-A5DE3D7454AE}"
EndProject
Global
	GlobalSection(SolutionConfigurationPlatforms) = preSolution
		Debug|Any CPU = Debug|Any CPU
		Release|Any CPU = Release|Any CPU
	EndGlobalSection
	GlobalSection(ProjectConfigurationPlatforms) = postSolution
		{1E88BD17-103F-E5F5-24CF-A5DE3D7454AE}.Debug|Any CPU.ActiveCfg = Debug|Any CPU
		{1E88BD17-103F-E5F5-24CF-A5DE3D7454AE}.Debug|Any CPU.Build.0 = Debug|Any CPU
		{1E88BD17-103F-E5F5-24CF-A5DE3D7454AE}.Release|Any CPU.ActiveCfg = Release|Any CPU
		{1E88BD17-103F-E5F5-24CF-A5DE3D7454AE}.Release|Any CPU.Build.0 = Release|Any CPU
	EndGlobalSection
	GlobalSection(SolutionProperties) = preSolution
		HideSolutionNode = FALSE
	EndGlobalSection
	GlobalSection(ExtensibilityGlobals) = postSolution
		SolutionGuid = {4B3BC800-B91D-4275-A320-FA6E838AC9F5}
	EndGlobalSection
EndGlobal
